// !$*UTF8*$!
{
	archiveVersion = 1;
	classes = {
	};
	objectVersion = 56;
	objects = {

/* Begin PBXBuildFile section */
		0027F8AA297EAF1F000DAD0D /* AppDelegate.swift in Sources */ = {isa = PBXBuildFile; fileRef = 0027F8A9297EAF1F000DAD0D /* AppDelegate.swift */; };
		0027F8AE297EAF1F000DAD0D /* LoginViewController.swift in Sources */ = {isa = PBXBuildFile; fileRef = 0027F8AD297EAF1F000DAD0D /* LoginViewController.swift */; };
		0027F8B1297EAF1F000DAD0D /* Login.storyboard in Resources */ = {isa = PBXBuildFile; fileRef = 0027F8AF297EAF1F000DAD0D /* Login.storyboard */; };
		0027F8B3297EAF22000DAD0D /* Assets.xcassets in Resources */ = {isa = PBXBuildFile; fileRef = 0027F8B2297EAF22000DAD0D /* Assets.xcassets */; };
		0027F8B6297EAF22000DAD0D /* LaunchScreen.storyboard in Resources */ = {isa = PBXBuildFile; fileRef = 0027F8B4297EAF22000DAD0D /* LaunchScreen.storyboard */; };
		0027F8C1297EAF22000DAD0D /* ProductsAppTestTaskTests.swift in Sources */ = {isa = PBXBuildFile; fileRef = 0027F8C0297EAF22000DAD0D /* ProductsAppTestTaskTests.swift */; };
		0027F8CB297EAF22000DAD0D /* ProductsAppTestTaskUITests.swift in Sources */ = {isa = PBXBuildFile; fileRef = 0027F8CA297EAF22000DAD0D /* ProductsAppTestTaskUITests.swift */; };
		0027F8CD297EAF22000DAD0D /* ProductsAppTestTaskUITestsLaunchTests.swift in Sources */ = {isa = PBXBuildFile; fileRef = 0027F8CC297EAF22000DAD0D /* ProductsAppTestTaskUITestsLaunchTests.swift */; };
		0027F8E6297EB7FA000DAD0D /* APIClient.swift in Sources */ = {isa = PBXBuildFile; fileRef = 0027F8E5297EB7FA000DAD0D /* APIClient.swift */; };
		0027F8E9297EB817000DAD0D /* Alamofire in Frameworks */ = {isa = PBXBuildFile; productRef = 0027F8E8297EB817000DAD0D /* Alamofire */; };
		0027F8EB297EB886000DAD0D /* APIError.swift in Sources */ = {isa = PBXBuildFile; fileRef = 0027F8EA297EB886000DAD0D /* APIError.swift */; };
		0027F8ED297EB97E000DAD0D /* Endpoints.swift in Sources */ = {isa = PBXBuildFile; fileRef = 0027F8EC297EB97E000DAD0D /* Endpoints.swift */; };
		0027F8F0297EC54A000DAD0D /* ProductsRepositoryProtocol.swift in Sources */ = {isa = PBXBuildFile; fileRef = 0027F8EF297EC54A000DAD0D /* ProductsRepositoryProtocol.swift */; };
		0027F8F2297EC5EB000DAD0D /* ProductsRepository.swift in Sources */ = {isa = PBXBuildFile; fileRef = 0027F8F1297EC5EB000DAD0D /* ProductsRepository.swift */; };
		0027F8F4297EC80F000DAD0D /* Product.swift in Sources */ = {isa = PBXBuildFile; fileRef = 0027F8F3297EC80F000DAD0D /* Product.swift */; };
		0027F8F6297ECCB6000DAD0D /* GetAllProductsUseCase.swift in Sources */ = {isa = PBXBuildFile; fileRef = 0027F8F5297ECCB6000DAD0D /* GetAllProductsUseCase.swift */; };
		0027F8F8297ECDBF000DAD0D /* GetProductUseCase.swift in Sources */ = {isa = PBXBuildFile; fileRef = 0027F8F7297ECDBF000DAD0D /* GetProductUseCase.swift */; };
		002BE5AD297FFB6000B225D7 /* ProductDetail.storyboard in Resources */ = {isa = PBXBuildFile; fileRef = 002BE5AC297FFB6000B225D7 /* ProductDetail.storyboard */; };
		002BE5AF2980390300B225D7 /* ProductDetailViewController.swift in Sources */ = {isa = PBXBuildFile; fileRef = 002BE5AE2980390300B225D7 /* ProductDetailViewController.swift */; };
		002BE5B42980461A00B225D7 /* Storage.swift in Sources */ = {isa = PBXBuildFile; fileRef = 002BE5B32980461A00B225D7 /* Storage.swift */; };
		002BE5B62980463100B225D7 /* AppData.swift in Sources */ = {isa = PBXBuildFile; fileRef = 002BE5B52980463100B225D7 /* AppData.swift */; };
		002BE5B82980464600B225D7 /* Cart.swift in Sources */ = {isa = PBXBuildFile; fileRef = 002BE5B72980464600B225D7 /* Cart.swift */; };
		005D55BB297F345900FD5B6D /* LoginViewModel.swift in Sources */ = {isa = PBXBuildFile; fileRef = 005D55BA297F345900FD5B6D /* LoginViewModel.swift */; };
		005D55CA297F666800FD5B6D /* Bond in Frameworks */ = {isa = PBXBuildFile; productRef = 005D55C9297F666800FD5B6D /* Bond */; };
		005D55CF297F6A9900FD5B6D /* HomeViewController.swift in Sources */ = {isa = PBXBuildFile; fileRef = 005D55CD297F6A9900FD5B6D /* HomeViewController.swift */; };
		005D55D2297F6AC500FD5B6D /* Home.storyboard in Resources */ = {isa = PBXBuildFile; fileRef = 005D55D1297F6AC500FD5B6D /* Home.storyboard */; };
		005D55D5297F6C9600FD5B6D /* UIViewController+Extensions.swift in Sources */ = {isa = PBXBuildFile; fileRef = 005D55D4297F6C9600FD5B6D /* UIViewController+Extensions.swift */; };
		005D55DC297F770600FD5B6D /* GlacialIndifference-Regular.otf in Resources */ = {isa = PBXBuildFile; fileRef = 005D55D8297F770600FD5B6D /* GlacialIndifference-Regular.otf */; };
		005D55DD297F770600FD5B6D /* GlacialIndifference-Italic.otf in Resources */ = {isa = PBXBuildFile; fileRef = 005D55D9297F770600FD5B6D /* GlacialIndifference-Italic.otf */; };
		005D55DE297F770600FD5B6D /* GlacialIndifference-Bold.otf in Resources */ = {isa = PBXBuildFile; fileRef = 005D55DA297F770600FD5B6D /* GlacialIndifference-Bold.otf */; };
		0087E4E3297F314B00F516F9 /* SwinjectStoryboard in Frameworks */ = {isa = PBXBuildFile; productRef = 0087E4E2297F314B00F516F9 /* SwinjectStoryboard */; };
		0087E4E5297F318400F516F9 /* DIContainer.swift in Sources */ = {isa = PBXBuildFile; fileRef = 0087E4E4297F318400F516F9 /* DIContainer.swift */; };
		29D7E835298034FB0004C50F /* HomeViewModel.swift in Sources */ = {isa = PBXBuildFile; fileRef = 29D7E834298034FA0004C50F /* HomeViewModel.swift */; };
		29D7E83D298035630004C50F /* CategoryCollectionViewCell.xib in Resources */ = {isa = PBXBuildFile; fileRef = 29D7E839298035630004C50F /* CategoryCollectionViewCell.xib */; };
		29D7E83E298035630004C50F /* ProductCollectionViewCell.xib in Resources */ = {isa = PBXBuildFile; fileRef = 29D7E83A298035630004C50F /* ProductCollectionViewCell.xib */; };
		29D7E83F298035630004C50F /* ProductCollectionViewCell.swift in Sources */ = {isa = PBXBuildFile; fileRef = 29D7E83B298035630004C50F /* ProductCollectionViewCell.swift */; };
		29D7E840298035630004C50F /* CategoryCollectionViewCell.swift in Sources */ = {isa = PBXBuildFile; fileRef = 29D7E83C298035630004C50F /* CategoryCollectionViewCell.swift */; };
		29D7E843298036290004C50F /* Kingfisher in Frameworks */ = {isa = PBXBuildFile; productRef = 29D7E842298036290004C50F /* Kingfisher */; };
/* End PBXBuildFile section */

/* Begin PBXContainerItemProxy section */
		0027F8BD297EAF22000DAD0D /* PBXContainerItemProxy */ = {
			isa = PBXContainerItemProxy;
			containerPortal = 0027F89E297EAF1F000DAD0D /* Project object */;
			proxyType = 1;
			remoteGlobalIDString = 0027F8A5297EAF1F000DAD0D;
			remoteInfo = ProductsAppTestTask;
		};
		0027F8C7297EAF22000DAD0D /* PBXContainerItemProxy */ = {
			isa = PBXContainerItemProxy;
			containerPortal = 0027F89E297EAF1F000DAD0D /* Project object */;
			proxyType = 1;
			remoteGlobalIDString = 0027F8A5297EAF1F000DAD0D;
			remoteInfo = ProductsAppTestTask;
		};
/* End PBXContainerItemProxy section */

/* Begin PBXFileReference section */
		0027F8A6297EAF1F000DAD0D /* ProductsAppTestTask.app */ = {isa = PBXFileReference; explicitFileType = wrapper.application; includeInIndex = 0; path = ProductsAppTestTask.app; sourceTree = BUILT_PRODUCTS_DIR; };
		0027F8A9297EAF1F000DAD0D /* AppDelegate.swift */ = {isa = PBXFileReference; lastKnownFileType = sourcecode.swift; path = AppDelegate.swift; sourceTree = "<group>"; };
		0027F8AD297EAF1F000DAD0D /* LoginViewController.swift */ = {isa = PBXFileReference; lastKnownFileType = sourcecode.swift; path = LoginViewController.swift; sourceTree = "<group>"; };
		0027F8B0297EAF1F000DAD0D /* Base */ = {isa = PBXFileReference; lastKnownFileType = file.storyboard; name = Base; path = Base.lproj/Login.storyboard; sourceTree = "<group>"; };
		0027F8B2297EAF22000DAD0D /* Assets.xcassets */ = {isa = PBXFileReference; lastKnownFileType = folder.assetcatalog; path = Assets.xcassets; sourceTree = "<group>"; };
		0027F8B5297EAF22000DAD0D /* Base */ = {isa = PBXFileReference; lastKnownFileType = file.storyboard; name = Base; path = Base.lproj/LaunchScreen.storyboard; sourceTree = "<group>"; };
		0027F8B7297EAF22000DAD0D /* Info.plist */ = {isa = PBXFileReference; lastKnownFileType = text.plist.xml; path = Info.plist; sourceTree = "<group>"; };
		0027F8BC297EAF22000DAD0D /* ProductsAppTestTaskTests.xctest */ = {isa = PBXFileReference; explicitFileType = wrapper.cfbundle; includeInIndex = 0; path = ProductsAppTestTaskTests.xctest; sourceTree = BUILT_PRODUCTS_DIR; };
		0027F8C0297EAF22000DAD0D /* ProductsAppTestTaskTests.swift */ = {isa = PBXFileReference; lastKnownFileType = sourcecode.swift; path = ProductsAppTestTaskTests.swift; sourceTree = "<group>"; };
		0027F8C6297EAF22000DAD0D /* ProductsAppTestTaskUITests.xctest */ = {isa = PBXFileReference; explicitFileType = wrapper.cfbundle; includeInIndex = 0; path = ProductsAppTestTaskUITests.xctest; sourceTree = BUILT_PRODUCTS_DIR; };
		0027F8CA297EAF22000DAD0D /* ProductsAppTestTaskUITests.swift */ = {isa = PBXFileReference; lastKnownFileType = sourcecode.swift; path = ProductsAppTestTaskUITests.swift; sourceTree = "<group>"; };
		0027F8CC297EAF22000DAD0D /* ProductsAppTestTaskUITestsLaunchTests.swift */ = {isa = PBXFileReference; lastKnownFileType = sourcecode.swift; path = ProductsAppTestTaskUITestsLaunchTests.swift; sourceTree = "<group>"; };
		0027F8E5297EB7FA000DAD0D /* APIClient.swift */ = {isa = PBXFileReference; lastKnownFileType = sourcecode.swift; path = APIClient.swift; sourceTree = "<group>"; };
		0027F8EA297EB886000DAD0D /* APIError.swift */ = {isa = PBXFileReference; lastKnownFileType = sourcecode.swift; path = APIError.swift; sourceTree = "<group>"; };
		0027F8EC297EB97E000DAD0D /* Endpoints.swift */ = {isa = PBXFileReference; lastKnownFileType = sourcecode.swift; path = Endpoints.swift; sourceTree = "<group>"; };
		0027F8EF297EC54A000DAD0D /* ProductsRepositoryProtocol.swift */ = {isa = PBXFileReference; lastKnownFileType = sourcecode.swift; path = ProductsRepositoryProtocol.swift; sourceTree = "<group>"; };
		0027F8F1297EC5EB000DAD0D /* ProductsRepository.swift */ = {isa = PBXFileReference; lastKnownFileType = sourcecode.swift; path = ProductsRepository.swift; sourceTree = "<group>"; };
		0027F8F3297EC80F000DAD0D /* Product.swift */ = {isa = PBXFileReference; lastKnownFileType = sourcecode.swift; path = Product.swift; sourceTree = "<group>"; };
		0027F8F5297ECCB6000DAD0D /* GetAllProductsUseCase.swift */ = {isa = PBXFileReference; lastKnownFileType = sourcecode.swift; path = GetAllProductsUseCase.swift; sourceTree = "<group>"; };
		0027F8F7297ECDBF000DAD0D /* GetProductUseCase.swift */ = {isa = PBXFileReference; lastKnownFileType = sourcecode.swift; path = GetProductUseCase.swift; sourceTree = "<group>"; };
		002BE5AC297FFB6000B225D7 /* ProductDetail.storyboard */ = {isa = PBXFileReference; lastKnownFileType = file.storyboard; path = ProductDetail.storyboard; sourceTree = "<group>"; };
		002BE5AE2980390300B225D7 /* ProductDetailViewController.swift */ = {isa = PBXFileReference; lastKnownFileType = sourcecode.swift; path = ProductDetailViewController.swift; sourceTree = "<group>"; };
		002BE5B32980461A00B225D7 /* Storage.swift */ = {isa = PBXFileReference; lastKnownFileType = sourcecode.swift; path = Storage.swift; sourceTree = "<group>"; };
		002BE5B52980463100B225D7 /* AppData.swift */ = {isa = PBXFileReference; lastKnownFileType = sourcecode.swift; path = AppData.swift; sourceTree = "<group>"; };
		002BE5B72980464600B225D7 /* Cart.swift */ = {isa = PBXFileReference; lastKnownFileType = sourcecode.swift; path = Cart.swift; sourceTree = "<group>"; };
		005D55BA297F345900FD5B6D /* LoginViewModel.swift */ = {isa = PBXFileReference; lastKnownFileType = sourcecode.swift; path = LoginViewModel.swift; sourceTree = "<group>"; };
		005D55CD297F6A9900FD5B6D /* HomeViewController.swift */ = {isa = PBXFileReference; lastKnownFileType = sourcecode.swift; path = HomeViewController.swift; sourceTree = "<group>"; };
		005D55D1297F6AC500FD5B6D /* Home.storyboard */ = {isa = PBXFileReference; lastKnownFileType = file.storyboard; path = Home.storyboard; sourceTree = "<group>"; };
		005D55D4297F6C9600FD5B6D /* UIViewController+Extensions.swift */ = {isa = PBXFileReference; lastKnownFileType = sourcecode.swift; path = "UIViewController+Extensions.swift"; sourceTree = "<group>"; };
		005D55D8297F770600FD5B6D /* GlacialIndifference-Regular.otf */ = {isa = PBXFileReference; lastKnownFileType = file; path = "GlacialIndifference-Regular.otf"; sourceTree = "<group>"; };
		005D55D9297F770600FD5B6D /* GlacialIndifference-Italic.otf */ = {isa = PBXFileReference; lastKnownFileType = file; path = "GlacialIndifference-Italic.otf"; sourceTree = "<group>"; };
		005D55DA297F770600FD5B6D /* GlacialIndifference-Bold.otf */ = {isa = PBXFileReference; lastKnownFileType = file; path = "GlacialIndifference-Bold.otf"; sourceTree = "<group>"; };
		0087E4E4297F318400F516F9 /* DIContainer.swift */ = {isa = PBXFileReference; lastKnownFileType = sourcecode.swift; path = DIContainer.swift; sourceTree = "<group>"; };
		29D7E834298034FA0004C50F /* HomeViewModel.swift */ = {isa = PBXFileReference; fileEncoding = 4; lastKnownFileType = sourcecode.swift; path = HomeViewModel.swift; sourceTree = "<group>"; };
		29D7E839298035630004C50F /* CategoryCollectionViewCell.xib */ = {isa = PBXFileReference; fileEncoding = 4; lastKnownFileType = file.xib; path = CategoryCollectionViewCell.xib; sourceTree = "<group>"; };
		29D7E83A298035630004C50F /* ProductCollectionViewCell.xib */ = {isa = PBXFileReference; fileEncoding = 4; lastKnownFileType = file.xib; path = ProductCollectionViewCell.xib; sourceTree = "<group>"; };
		29D7E83B298035630004C50F /* ProductCollectionViewCell.swift */ = {isa = PBXFileReference; fileEncoding = 4; lastKnownFileType = sourcecode.swift; path = ProductCollectionViewCell.swift; sourceTree = "<group>"; };
		29D7E83C298035630004C50F /* CategoryCollectionViewCell.swift */ = {isa = PBXFileReference; fileEncoding = 4; lastKnownFileType = sourcecode.swift; path = CategoryCollectionViewCell.swift; sourceTree = "<group>"; };
/* End PBXFileReference section */

/* Begin PBXFrameworksBuildPhase section */
		0027F8A3297EAF1F000DAD0D /* Frameworks */ = {
			isa = PBXFrameworksBuildPhase;
			buildActionMask = 2147483647;
			files = (
				29D7E843298036290004C50F /* Kingfisher in Frameworks */,
				0087E4E3297F314B00F516F9 /* SwinjectStoryboard in Frameworks */,
				005D55CA297F666800FD5B6D /* Bond in Frameworks */,
				0027F8E9297EB817000DAD0D /* Alamofire in Frameworks */,
			);
			runOnlyForDeploymentPostprocessing = 0;
		};
		0027F8B9297EAF22000DAD0D /* Frameworks */ = {
			isa = PBXFrameworksBuildPhase;
			buildActionMask = 2147483647;
			files = (
			);
			runOnlyForDeploymentPostprocessing = 0;
		};
		0027F8C3297EAF22000DAD0D /* Frameworks */ = {
			isa = PBXFrameworksBuildPhase;
			buildActionMask = 2147483647;
			files = (
			);
			runOnlyForDeploymentPostprocessing = 0;
		};
/* End PBXFrameworksBuildPhase section */

/* Begin PBXGroup section */
		0027F89D297EAF1F000DAD0D = {
			isa = PBXGroup;
			children = (
				0027F8A8297EAF1F000DAD0D /* ProductsAppTestTask */,
				0027F8BF297EAF22000DAD0D /* ProductsAppTestTaskTests */,
				0027F8C9297EAF22000DAD0D /* ProductsAppTestTaskUITests */,
				0027F8A7297EAF1F000DAD0D /* Products */,
			);
			sourceTree = "<group>";
		};
		0027F8A7297EAF1F000DAD0D /* Products */ = {
			isa = PBXGroup;
			children = (
				0027F8A6297EAF1F000DAD0D /* ProductsAppTestTask.app */,
				0027F8BC297EAF22000DAD0D /* ProductsAppTestTaskTests.xctest */,
				0027F8C6297EAF22000DAD0D /* ProductsAppTestTaskUITests.xctest */,
			);
			name = Products;
			sourceTree = "<group>";
		};
		0027F8A8297EAF1F000DAD0D /* ProductsAppTestTask */ = {
			isa = PBXGroup;
			children = (
				0027F8DC297EB48B000DAD0D /* Application */,
				0027F8D9297EB471000DAD0D /* Data */,
				0027F8DA297EB479000DAD0D /* Domain */,
				0027F8DB297EB480000DAD0D /* Presentation */,
				0027F8B7297EAF22000DAD0D /* Info.plist */,
			);
			path = ProductsAppTestTask;
			sourceTree = "<group>";
		};
		0027F8BF297EAF22000DAD0D /* ProductsAppTestTaskTests */ = {
			isa = PBXGroup;
			children = (
				0027F8C0297EAF22000DAD0D /* ProductsAppTestTaskTests.swift */,
			);
			path = ProductsAppTestTaskTests;
			sourceTree = "<group>";
		};
		0027F8C9297EAF22000DAD0D /* ProductsAppTestTaskUITests */ = {
			isa = PBXGroup;
			children = (
				0027F8CA297EAF22000DAD0D /* ProductsAppTestTaskUITests.swift */,
				0027F8CC297EAF22000DAD0D /* ProductsAppTestTaskUITestsLaunchTests.swift */,
			);
			path = ProductsAppTestTaskUITests;
			sourceTree = "<group>";
		};
		0027F8D9297EB471000DAD0D /* Data */ = {
			isa = PBXGroup;
			children = (
				002BE5B2298045EA00B225D7 /* Storage */,
				0027F8EE297EBADE000DAD0D /* Repository */,
				0027F8E4297EB5F6000DAD0D /* Networking */,
			);
			path = Data;
			sourceTree = "<group>";
		};
		0027F8DA297EB479000DAD0D /* Domain */ = {
			isa = PBXGroup;
			children = (
				0027F8E0297EB4E8000DAD0D /* RepositoryInterface */,
				0027F8DF297EB4DC000DAD0D /* Entity */,
				0027F8DE297EB4D1000DAD0D /* UseCase */,
			);
			path = Domain;
			sourceTree = "<group>";
		};
		0027F8DB297EB480000DAD0D /* Presentation */ = {
			isa = PBXGroup;
			children = (
				005D55D3297F6C6E00FD5B6D /* Utils */,
				0027F8E3297EB50F000DAD0D /* ProductDetail */,
				0027F8E2297EB505000DAD0D /* Home */,
				0027F8E1297EB4FE000DAD0D /* Login */,
				0027F8DD297EB49F000DAD0D /* Resources */,
				0027F8B4297EAF22000DAD0D /* LaunchScreen.storyboard */,
			);
			path = Presentation;
			sourceTree = "<group>";
		};
		0027F8DC297EB48B000DAD0D /* Application */ = {
			isa = PBXGroup;
			children = (
				0027F8A9297EAF1F000DAD0D /* AppDelegate.swift */,
				0087E4E4297F318400F516F9 /* DIContainer.swift */,
			);
			path = Application;
			sourceTree = "<group>";
		};
		0027F8DD297EB49F000DAD0D /* Resources */ = {
			isa = PBXGroup;
			children = (
				005D55D6297F770600FD5B6D /* glacial-indifference */,
				0027F8B2297EAF22000DAD0D /* Assets.xcassets */,
			);
			path = Resources;
			sourceTree = "<group>";
		};
		0027F8DE297EB4D1000DAD0D /* UseCase */ = {
			isa = PBXGroup;
			children = (
				0027F8F5297ECCB6000DAD0D /* GetAllProductsUseCase.swift */,
				0027F8F7297ECDBF000DAD0D /* GetProductUseCase.swift */,
			);
			path = UseCase;
			sourceTree = "<group>";
		};
		0027F8DF297EB4DC000DAD0D /* Entity */ = {
			isa = PBXGroup;
			children = (
				0027F8EA297EB886000DAD0D /* APIError.swift */,
				0027F8F3297EC80F000DAD0D /* Product.swift */,
				002BE5B72980464600B225D7 /* Cart.swift */,
			);
			path = Entity;
			sourceTree = "<group>";
		};
		0027F8E0297EB4E8000DAD0D /* RepositoryInterface */ = {
			isa = PBXGroup;
			children = (
				0027F8EF297EC54A000DAD0D /* ProductsRepositoryProtocol.swift */,
			);
			path = RepositoryInterface;
			sourceTree = "<group>";
		};
		0027F8E1297EB4FE000DAD0D /* Login */ = {
			isa = PBXGroup;
			children = (
				0027F8AF297EAF1F000DAD0D /* Login.storyboard */,
				0027F8AD297EAF1F000DAD0D /* LoginViewController.swift */,
				005D55BA297F345900FD5B6D /* LoginViewModel.swift */,
			);
			path = Login;
			sourceTree = "<group>";
		};
		0027F8E2297EB505000DAD0D /* Home */ = {
			isa = PBXGroup;
			children = (
				29D7E838298035570004C50F /* Cells */,
				005D55CD297F6A9900FD5B6D /* HomeViewController.swift */,
				29D7E834298034FA0004C50F /* HomeViewModel.swift */,
				005D55D1297F6AC500FD5B6D /* Home.storyboard */,
			);
			path = Home;
			sourceTree = "<group>";
		};
		0027F8E3297EB50F000DAD0D /* ProductDetail */ = {
			isa = PBXGroup;
			children = (
				002BE5AC297FFB6000B225D7 /* ProductDetail.storyboard */,
				002BE5AE2980390300B225D7 /* ProductDetailViewController.swift */,
			);
			path = ProductDetail;
			sourceTree = "<group>";
		};
		0027F8E4297EB5F6000DAD0D /* Networking */ = {
			isa = PBXGroup;
			children = (
				0027F8E5297EB7FA000DAD0D /* APIClient.swift */,
				0027F8EC297EB97E000DAD0D /* Endpoints.swift */,
			);
			path = Networking;
			sourceTree = "<group>";
		};
		0027F8EE297EBADE000DAD0D /* Repository */ = {
			isa = PBXGroup;
			children = (
				0027F8F1297EC5EB000DAD0D /* ProductsRepository.swift */,
			);
			path = Repository;
			sourceTree = "<group>";
		};
		002BE5B2298045EA00B225D7 /* Storage */ = {
			isa = PBXGroup;
			children = (
				002BE5B32980461A00B225D7 /* Storage.swift */,
				002BE5B52980463100B225D7 /* AppData.swift */,
			);
			path = Storage;
			sourceTree = "<group>";
		};
		005D55D3297F6C6E00FD5B6D /* Utils */ = {
			isa = PBXGroup;
			children = (
				005D55D4297F6C9600FD5B6D /* UIViewController+Extensions.swift */,
			);
			path = Utils;
			sourceTree = "<group>";
		};
		005D55D6297F770600FD5B6D /* glacial-indifference */ = {
			isa = PBXGroup;
			children = (
				005D55D8297F770600FD5B6D /* GlacialIndifference-Regular.otf */,
				005D55D9297F770600FD5B6D /* GlacialIndifference-Italic.otf */,
				005D55DA297F770600FD5B6D /* GlacialIndifference-Bold.otf */,
			);
			path = "glacial-indifference";
			sourceTree = "<group>";
		};
		29D7E838298035570004C50F /* Cells */ = {
			isa = PBXGroup;
			children = (
				29D7E83C298035630004C50F /* CategoryCollectionViewCell.swift */,
				29D7E839298035630004C50F /* CategoryCollectionViewCell.xib */,
				29D7E83B298035630004C50F /* ProductCollectionViewCell.swift */,
				29D7E83A298035630004C50F /* ProductCollectionViewCell.xib */,
			);
			path = Cells;
			sourceTree = "<group>";
		};
/* End PBXGroup section */

/* Begin PBXNativeTarget section */
		0027F8A5297EAF1F000DAD0D /* ProductsAppTestTask */ = {
			isa = PBXNativeTarget;
			buildConfigurationList = 0027F8D0297EAF22000DAD0D /* Build configuration list for PBXNativeTarget "ProductsAppTestTask" */;
			buildPhases = (
				0027F8A2297EAF1F000DAD0D /* Sources */,
				0027F8A3297EAF1F000DAD0D /* Frameworks */,
				0027F8A4297EAF1F000DAD0D /* Resources */,
			);
			buildRules = (
			);
			dependencies = (
			);
			name = ProductsAppTestTask;
			packageProductDependencies = (
				0027F8E8297EB817000DAD0D /* Alamofire */,
				0087E4E2297F314B00F516F9 /* SwinjectStoryboard */,
				005D55C9297F666800FD5B6D /* Bond */,
				29D7E842298036290004C50F /* Kingfisher */,
			);
			productName = ProductsAppTestTask;
			productReference = 0027F8A6297EAF1F000DAD0D /* ProductsAppTestTask.app */;
			productType = "com.apple.product-type.application";
		};
		0027F8BB297EAF22000DAD0D /* ProductsAppTestTaskTests */ = {
			isa = PBXNativeTarget;
			buildConfigurationList = 0027F8D3297EAF22000DAD0D /* Build configuration list for PBXNativeTarget "ProductsAppTestTaskTests" */;
			buildPhases = (
				0027F8B8297EAF22000DAD0D /* Sources */,
				0027F8B9297EAF22000DAD0D /* Frameworks */,
				0027F8BA297EAF22000DAD0D /* Resources */,
			);
			buildRules = (
			);
			dependencies = (
				0027F8BE297EAF22000DAD0D /* PBXTargetDependency */,
			);
			name = ProductsAppTestTaskTests;
			productName = ProductsAppTestTaskTests;
			productReference = 0027F8BC297EAF22000DAD0D /* ProductsAppTestTaskTests.xctest */;
			productType = "com.apple.product-type.bundle.unit-test";
		};
		0027F8C5297EAF22000DAD0D /* ProductsAppTestTaskUITests */ = {
			isa = PBXNativeTarget;
			buildConfigurationList = 0027F8D6297EAF22000DAD0D /* Build configuration list for PBXNativeTarget "ProductsAppTestTaskUITests" */;
			buildPhases = (
				0027F8C2297EAF22000DAD0D /* Sources */,
				0027F8C3297EAF22000DAD0D /* Frameworks */,
				0027F8C4297EAF22000DAD0D /* Resources */,
			);
			buildRules = (
			);
			dependencies = (
				0027F8C8297EAF22000DAD0D /* PBXTargetDependency */,
			);
			name = ProductsAppTestTaskUITests;
			productName = ProductsAppTestTaskUITests;
			productReference = 0027F8C6297EAF22000DAD0D /* ProductsAppTestTaskUITests.xctest */;
			productType = "com.apple.product-type.bundle.ui-testing";
		};
/* End PBXNativeTarget section */

/* Begin PBXProject section */
		0027F89E297EAF1F000DAD0D /* Project object */ = {
			isa = PBXProject;
			attributes = {
				BuildIndependentTargetsInParallel = 1;
				LastSwiftUpdateCheck = 1420;
				LastUpgradeCheck = 1420;
				TargetAttributes = {
					0027F8A5297EAF1F000DAD0D = {
						CreatedOnToolsVersion = 14.2;
					};
					0027F8BB297EAF22000DAD0D = {
						CreatedOnToolsVersion = 14.2;
						TestTargetID = 0027F8A5297EAF1F000DAD0D;
					};
					0027F8C5297EAF22000DAD0D = {
						CreatedOnToolsVersion = 14.2;
						TestTargetID = 0027F8A5297EAF1F000DAD0D;
					};
				};
			};
			buildConfigurationList = 0027F8A1297EAF1F000DAD0D /* Build configuration list for PBXProject "ProductsAppTestTask" */;
			compatibilityVersion = "Xcode 14.0";
			developmentRegion = en;
			hasScannedForEncodings = 0;
			knownRegions = (
				en,
				Base,
			);
			mainGroup = 0027F89D297EAF1F000DAD0D;
			packageReferences = (
				0027F8E7297EB817000DAD0D /* XCRemoteSwiftPackageReference "Alamofire" */,
				0087E4E1297F314B00F516F9 /* XCRemoteSwiftPackageReference "SwinjectStoryboard" */,
				005D55C8297F666700FD5B6D /* XCRemoteSwiftPackageReference "Bond" */,
				29D7E841298036290004C50F /* XCRemoteSwiftPackageReference "Kingfisher" */,
			);
			productRefGroup = 0027F8A7297EAF1F000DAD0D /* Products */;
			projectDirPath = "";
			projectRoot = "";
			targets = (
				0027F8A5297EAF1F000DAD0D /* ProductsAppTestTask */,
				0027F8BB297EAF22000DAD0D /* ProductsAppTestTaskTests */,
				0027F8C5297EAF22000DAD0D /* ProductsAppTestTaskUITests */,
			);
		};
/* End PBXProject section */

/* Begin PBXResourcesBuildPhase section */
		0027F8A4297EAF1F000DAD0D /* Resources */ = {
			isa = PBXResourcesBuildPhase;
			buildActionMask = 2147483647;
			files = (
				005D55D2297F6AC500FD5B6D /* Home.storyboard in Resources */,
				29D7E83E298035630004C50F /* ProductCollectionViewCell.xib in Resources */,
				0027F8B6297EAF22000DAD0D /* LaunchScreen.storyboard in Resources */,
				0027F8B3297EAF22000DAD0D /* Assets.xcassets in Resources */,
				005D55DC297F770600FD5B6D /* GlacialIndifference-Regular.otf in Resources */,
				005D55DE297F770600FD5B6D /* GlacialIndifference-Bold.otf in Resources */,
				29D7E83D298035630004C50F /* CategoryCollectionViewCell.xib in Resources */,
				002BE5AD297FFB6000B225D7 /* ProductDetail.storyboard in Resources */,
				0027F8B1297EAF1F000DAD0D /* Login.storyboard in Resources */,
				005D55DD297F770600FD5B6D /* GlacialIndifference-Italic.otf in Resources */,
			);
			runOnlyForDeploymentPostprocessing = 0;
		};
		0027F8BA297EAF22000DAD0D /* Resources */ = {
			isa = PBXResourcesBuildPhase;
			buildActionMask = 2147483647;
			files = (
			);
			runOnlyForDeploymentPostprocessing = 0;
		};
		0027F8C4297EAF22000DAD0D /* Resources */ = {
			isa = PBXResourcesBuildPhase;
			buildActionMask = 2147483647;
			files = (
			);
			runOnlyForDeploymentPostprocessing = 0;
		};
/* End PBXResourcesBuildPhase section */

/* Begin PBXSourcesBuildPhase section */
		0027F8A2297EAF1F000DAD0D /* Sources */ = {
			isa = PBXSourcesBuildPhase;
			buildActionMask = 2147483647;
			files = (
				0027F8AE297EAF1F000DAD0D /* LoginViewController.swift in Sources */,
				0027F8EB297EB886000DAD0D /* APIError.swift in Sources */,
				29D7E83F298035630004C50F /* ProductCollectionViewCell.swift in Sources */,
				29D7E840298035630004C50F /* CategoryCollectionViewCell.swift in Sources */,
				0027F8F8297ECDBF000DAD0D /* GetProductUseCase.swift in Sources */,
				0027F8F6297ECCB6000DAD0D /* GetAllProductsUseCase.swift in Sources */,
				0087E4E5297F318400F516F9 /* DIContainer.swift in Sources */,
				0027F8F4297EC80F000DAD0D /* Product.swift in Sources */,
				0027F8AA297EAF1F000DAD0D /* AppDelegate.swift in Sources */,
				002BE5B42980461A00B225D7 /* Storage.swift in Sources */,
				0027F8F0297EC54A000DAD0D /* ProductsRepositoryProtocol.swift in Sources */,
				005D55BB297F345900FD5B6D /* LoginViewModel.swift in Sources */,
				002BE5AF2980390300B225D7 /* ProductDetailViewController.swift in Sources */,
				0027F8ED297EB97E000DAD0D /* Endpoints.swift in Sources */,
				002BE5B82980464600B225D7 /* Cart.swift in Sources */,
				005D55D5297F6C9600FD5B6D /* UIViewController+Extensions.swift in Sources */,
				0027F8E6297EB7FA000DAD0D /* APIClient.swift in Sources */,
				005D55CF297F6A9900FD5B6D /* HomeViewController.swift in Sources */,
				29D7E835298034FB0004C50F /* HomeViewModel.swift in Sources */,
				0027F8F2297EC5EB000DAD0D /* ProductsRepository.swift in Sources */,
				002BE5B62980463100B225D7 /* AppData.swift in Sources */,
			);
			runOnlyForDeploymentPostprocessing = 0;
		};
		0027F8B8297EAF22000DAD0D /* Sources */ = {
			isa = PBXSourcesBuildPhase;
			buildActionMask = 2147483647;
			files = (
				0027F8C1297EAF22000DAD0D /* ProductsAppTestTaskTests.swift in Sources */,
			);
			runOnlyForDeploymentPostprocessing = 0;
		};
		0027F8C2297EAF22000DAD0D /* Sources */ = {
			isa = PBXSourcesBuildPhase;
			buildActionMask = 2147483647;
			files = (
				0027F8CB297EAF22000DAD0D /* ProductsAppTestTaskUITests.swift in Sources */,
				0027F8CD297EAF22000DAD0D /* ProductsAppTestTaskUITestsLaunchTests.swift in Sources */,
			);
			runOnlyForDeploymentPostprocessing = 0;
		};
/* End PBXSourcesBuildPhase section */

/* Begin PBXTargetDependency section */
		0027F8BE297EAF22000DAD0D /* PBXTargetDependency */ = {
			isa = PBXTargetDependency;
			target = 0027F8A5297EAF1F000DAD0D /* ProductsAppTestTask */;
			targetProxy = 0027F8BD297EAF22000DAD0D /* PBXContainerItemProxy */;
		};
		0027F8C8297EAF22000DAD0D /* PBXTargetDependency */ = {
			isa = PBXTargetDependency;
			target = 0027F8A5297EAF1F000DAD0D /* ProductsAppTestTask */;
			targetProxy = 0027F8C7297EAF22000DAD0D /* PBXContainerItemProxy */;
		};
/* End PBXTargetDependency section */

/* Begin PBXVariantGroup section */
		0027F8AF297EAF1F000DAD0D /* Login.storyboard */ = {
			isa = PBXVariantGroup;
			children = (
				0027F8B0297EAF1F000DAD0D /* Base */,
			);
			name = Login.storyboard;
			sourceTree = "<group>";
		};
		0027F8B4297EAF22000DAD0D /* LaunchScreen.storyboard */ = {
			isa = PBXVariantGroup;
			children = (
				0027F8B5297EAF22000DAD0D /* Base */,
			);
			name = LaunchScreen.storyboard;
			sourceTree = "<group>";
		};
/* End PBXVariantGroup section */

/* Begin XCBuildConfiguration section */
		0027F8CE297EAF22000DAD0D /* Debug */ = {
			isa = XCBuildConfiguration;
			buildSettings = {
				ALWAYS_SEARCH_USER_PATHS = NO;
				CLANG_ANALYZER_NONNULL = YES;
				CLANG_ANALYZER_NUMBER_OBJECT_CONVERSION = YES_AGGRESSIVE;
				CLANG_CXX_LANGUAGE_STANDARD = "gnu++20";
				CLANG_ENABLE_MODULES = YES;
				CLANG_ENABLE_OBJC_ARC = YES;
				CLANG_ENABLE_OBJC_WEAK = YES;
				CLANG_WARN_BLOCK_CAPTURE_AUTORELEASING = YES;
				CLANG_WARN_BOOL_CONVERSION = YES;
				CLANG_WARN_COMMA = YES;
				CLANG_WARN_CONSTANT_CONVERSION = YES;
				CLANG_WARN_DEPRECATED_OBJC_IMPLEMENTATIONS = YES;
				CLANG_WARN_DIRECT_OBJC_ISA_USAGE = YES_ERROR;
				CLANG_WARN_DOCUMENTATION_COMMENTS = YES;
				CLANG_WARN_EMPTY_BODY = YES;
				CLANG_WARN_ENUM_CONVERSION = YES;
				CLANG_WARN_INFINITE_RECURSION = YES;
				CLANG_WARN_INT_CONVERSION = YES;
				CLANG_WARN_NON_LITERAL_NULL_CONVERSION = YES;
				CLANG_WARN_OBJC_IMPLICIT_RETAIN_SELF = YES;
				CLANG_WARN_OBJC_LITERAL_CONVERSION = YES;
				CLANG_WARN_OBJC_ROOT_CLASS = YES_ERROR;
				CLANG_WARN_QUOTED_INCLUDE_IN_FRAMEWORK_HEADER = YES;
				CLANG_WARN_RANGE_LOOP_ANALYSIS = YES;
				CLANG_WARN_STRICT_PROTOTYPES = YES;
				CLANG_WARN_SUSPICIOUS_MOVE = YES;
				CLANG_WARN_UNGUARDED_AVAILABILITY = YES_AGGRESSIVE;
				CLANG_WARN_UNREACHABLE_CODE = YES;
				CLANG_WARN__DUPLICATE_METHOD_MATCH = YES;
				COPY_PHASE_STRIP = NO;
				DEBUG_INFORMATION_FORMAT = dwarf;
				ENABLE_STRICT_OBJC_MSGSEND = YES;
				ENABLE_TESTABILITY = YES;
				GCC_C_LANGUAGE_STANDARD = gnu11;
				GCC_DYNAMIC_NO_PIC = NO;
				GCC_NO_COMMON_BLOCKS = YES;
				GCC_OPTIMIZATION_LEVEL = 0;
				GCC_PREPROCESSOR_DEFINITIONS = (
					"DEBUG=1",
					"$(inherited)",
				);
				GCC_WARN_64_TO_32_BIT_CONVERSION = YES;
				GCC_WARN_ABOUT_RETURN_TYPE = YES_ERROR;
				GCC_WARN_UNDECLARED_SELECTOR = YES;
				GCC_WARN_UNINITIALIZED_AUTOS = YES_AGGRESSIVE;
				GCC_WARN_UNUSED_FUNCTION = YES;
				GCC_WARN_UNUSED_VARIABLE = YES;
				IPHONEOS_DEPLOYMENT_TARGET = 16.2;
				MTL_ENABLE_DEBUG_INFO = INCLUDE_SOURCE;
				MTL_FAST_MATH = YES;
				ONLY_ACTIVE_ARCH = YES;
				SDKROOT = iphoneos;
				SWIFT_ACTIVE_COMPILATION_CONDITIONS = DEBUG;
				SWIFT_OPTIMIZATION_LEVEL = "-Onone";
			};
			name = Debug;
		};
		0027F8CF297EAF22000DAD0D /* Release */ = {
			isa = XCBuildConfiguration;
			buildSettings = {
				ALWAYS_SEARCH_USER_PATHS = NO;
				CLANG_ANALYZER_NONNULL = YES;
				CLANG_ANALYZER_NUMBER_OBJECT_CONVERSION = YES_AGGRESSIVE;
				CLANG_CXX_LANGUAGE_STANDARD = "gnu++20";
				CLANG_ENABLE_MODULES = YES;
				CLANG_ENABLE_OBJC_ARC = YES;
				CLANG_ENABLE_OBJC_WEAK = YES;
				CLANG_WARN_BLOCK_CAPTURE_AUTORELEASING = YES;
				CLANG_WARN_BOOL_CONVERSION = YES;
				CLANG_WARN_COMMA = YES;
				CLANG_WARN_CONSTANT_CONVERSION = YES;
				CLANG_WARN_DEPRECATED_OBJC_IMPLEMENTATIONS = YES;
				CLANG_WARN_DIRECT_OBJC_ISA_USAGE = YES_ERROR;
				CLANG_WARN_DOCUMENTATION_COMMENTS = YES;
				CLANG_WARN_EMPTY_BODY = YES;
				CLANG_WARN_ENUM_CONVERSION = YES;
				CLANG_WARN_INFINITE_RECURSION = YES;
				CLANG_WARN_INT_CONVERSION = YES;
				CLANG_WARN_NON_LITERAL_NULL_CONVERSION = YES;
				CLANG_WARN_OBJC_IMPLICIT_RETAIN_SELF = YES;
				CLANG_WARN_OBJC_LITERAL_CONVERSION = YES;
				CLANG_WARN_OBJC_ROOT_CLASS = YES_ERROR;
				CLANG_WARN_QUOTED_INCLUDE_IN_FRAMEWORK_HEADER = YES;
				CLANG_WARN_RANGE_LOOP_ANALYSIS = YES;
				CLANG_WARN_STRICT_PROTOTYPES = YES;
				CLANG_WARN_SUSPICIOUS_MOVE = YES;
				CLANG_WARN_UNGUARDED_AVAILABILITY = YES_AGGRESSIVE;
				CLANG_WARN_UNREACHABLE_CODE = YES;
				CLANG_WARN__DUPLICATE_METHOD_MATCH = YES;
				COPY_PHASE_STRIP = NO;
				DEBUG_INFORMATION_FORMAT = "dwarf-with-dsym";
				ENABLE_NS_ASSERTIONS = NO;
				ENABLE_STRICT_OBJC_MSGSEND = YES;
				GCC_C_LANGUAGE_STANDARD = gnu11;
				GCC_NO_COMMON_BLOCKS = YES;
				GCC_WARN_64_TO_32_BIT_CONVERSION = YES;
				GCC_WARN_ABOUT_RETURN_TYPE = YES_ERROR;
				GCC_WARN_UNDECLARED_SELECTOR = YES;
				GCC_WARN_UNINITIALIZED_AUTOS = YES_AGGRESSIVE;
				GCC_WARN_UNUSED_FUNCTION = YES;
				GCC_WARN_UNUSED_VARIABLE = YES;
				IPHONEOS_DEPLOYMENT_TARGET = 16.2;
				MTL_ENABLE_DEBUG_INFO = NO;
				MTL_FAST_MATH = YES;
				SDKROOT = iphoneos;
				SWIFT_COMPILATION_MODE = wholemodule;
				SWIFT_OPTIMIZATION_LEVEL = "-O";
				VALIDATE_PRODUCT = YES;
			};
			name = Release;
		};
		0027F8D1297EAF22000DAD0D /* Debug */ = {
			isa = XCBuildConfiguration;
			buildSettings = {
				ASSETCATALOG_COMPILER_APPICON_NAME = AppIcon;
				ASSETCATALOG_COMPILER_GLOBAL_ACCENT_COLOR_NAME = AccentColor;
				CODE_SIGN_STYLE = Automatic;
				CURRENT_PROJECT_VERSION = 1;
				DEVELOPMENT_TEAM = UK87X7N6A9;
				GENERATE_INFOPLIST_FILE = YES;
				INFOPLIST_FILE = ProductsAppTestTask/Info.plist;
				INFOPLIST_KEY_UIApplicationSupportsIndirectInputEvents = YES;
				INFOPLIST_KEY_UILaunchStoryboardName = LaunchScreen;
				INFOPLIST_KEY_UIMainStoryboardFile = Login;
				INFOPLIST_KEY_UISupportedInterfaceOrientations_iPad = "UIInterfaceOrientationPortrait UIInterfaceOrientationPortraitUpsideDown UIInterfaceOrientationLandscapeLeft UIInterfaceOrientationLandscapeRight";
				INFOPLIST_KEY_UISupportedInterfaceOrientations_iPhone = "UIInterfaceOrientationPortrait UIInterfaceOrientationLandscapeLeft UIInterfaceOrientationLandscapeRight";
				IPHONEOS_DEPLOYMENT_TARGET = 16.0;
				LD_RUNPATH_SEARCH_PATHS = (
					"$(inherited)",
					"@executable_path/Frameworks",
				);
				MARKETING_VERSION = 1.0;
				PRODUCT_BUNDLE_IDENTIFIER = com.github.jheisecke.ProductsAppTestTask;
				PRODUCT_NAME = "$(TARGET_NAME)";
				SWIFT_EMIT_LOC_STRINGS = YES;
				SWIFT_VERSION = 5.0;
				TARGETED_DEVICE_FAMILY = "1,2";
			};
			name = Debug;
		};
		0027F8D2297EAF22000DAD0D /* Release */ = {
			isa = XCBuildConfiguration;
			buildSettings = {
				ASSETCATALOG_COMPILER_APPICON_NAME = AppIcon;
				ASSETCATALOG_COMPILER_GLOBAL_ACCENT_COLOR_NAME = AccentColor;
				CODE_SIGN_STYLE = Automatic;
				CURRENT_PROJECT_VERSION = 1;
				DEVELOPMENT_TEAM = UK87X7N6A9;
				GENERATE_INFOPLIST_FILE = YES;
				INFOPLIST_FILE = ProductsAppTestTask/Info.plist;
				INFOPLIST_KEY_UIApplicationSupportsIndirectInputEvents = YES;
				INFOPLIST_KEY_UILaunchStoryboardName = LaunchScreen;
				INFOPLIST_KEY_UIMainStoryboardFile = Login;
				INFOPLIST_KEY_UISupportedInterfaceOrientations_iPad = "UIInterfaceOrientationPortrait UIInterfaceOrientationPortraitUpsideDown UIInterfaceOrientationLandscapeLeft UIInterfaceOrientationLandscapeRight";
				INFOPLIST_KEY_UISupportedInterfaceOrientations_iPhone = "UIInterfaceOrientationPortrait UIInterfaceOrientationLandscapeLeft UIInterfaceOrientationLandscapeRight";
				IPHONEOS_DEPLOYMENT_TARGET = 16.0;
				LD_RUNPATH_SEARCH_PATHS = (
					"$(inherited)",
					"@executable_path/Frameworks",
				);
				MARKETING_VERSION = 1.0;
				PRODUCT_BUNDLE_IDENTIFIER = com.github.jheisecke.ProductsAppTestTask;
				PRODUCT_NAME = "$(TARGET_NAME)";
				SWIFT_EMIT_LOC_STRINGS = YES;
				SWIFT_VERSION = 5.0;
				TARGETED_DEVICE_FAMILY = "1,2";
			};
			name = Release;
		};
		0027F8D4297EAF22000DAD0D /* Debug */ = {
			isa = XCBuildConfiguration;
			buildSettings = {
				ALWAYS_EMBED_SWIFT_STANDARD_LIBRARIES = YES;
				BUNDLE_LOADER = "$(TEST_HOST)";
				CODE_SIGN_STYLE = Automatic;
				CURRENT_PROJECT_VERSION = 1;
				DEVELOPMENT_TEAM = UK87X7N6A9;
				GENERATE_INFOPLIST_FILE = YES;
				IPHONEOS_DEPLOYMENT_TARGET = 16.2;
				MARKETING_VERSION = 1.0;
				PRODUCT_BUNDLE_IDENTIFIER = com.github.jheisecke.ProductsAppTestTaskTests;
				PRODUCT_NAME = "$(TARGET_NAME)";
				SWIFT_EMIT_LOC_STRINGS = NO;
				SWIFT_VERSION = 5.0;
				TARGETED_DEVICE_FAMILY = "1,2";
				TEST_HOST = "$(BUILT_PRODUCTS_DIR)/ProductsAppTestTask.app/$(BUNDLE_EXECUTABLE_FOLDER_PATH)/ProductsAppTestTask";
			};
			name = Debug;
		};
		0027F8D5297EAF22000DAD0D /* Release */ = {
			isa = XCBuildConfiguration;
			buildSettings = {
				ALWAYS_EMBED_SWIFT_STANDARD_LIBRARIES = YES;
				BUNDLE_LOADER = "$(TEST_HOST)";
				CODE_SIGN_STYLE = Automatic;
				CURRENT_PROJECT_VERSION = 1;
				DEVELOPMENT_TEAM = UK87X7N6A9;
				GENERATE_INFOPLIST_FILE = YES;
				IPHONEOS_DEPLOYMENT_TARGET = 16.2;
				MARKETING_VERSION = 1.0;
				PRODUCT_BUNDLE_IDENTIFIER = com.github.jheisecke.ProductsAppTestTaskTests;
				PRODUCT_NAME = "$(TARGET_NAME)";
				SWIFT_EMIT_LOC_STRINGS = NO;
				SWIFT_VERSION = 5.0;
				TARGETED_DEVICE_FAMILY = "1,2";
				TEST_HOST = "$(BUILT_PRODUCTS_DIR)/ProductsAppTestTask.app/$(BUNDLE_EXECUTABLE_FOLDER_PATH)/ProductsAppTestTask";
			};
			name = Release;
		};
		0027F8D7297EAF22000DAD0D /* Debug */ = {
			isa = XCBuildConfiguration;
			buildSettings = {
				ALWAYS_EMBED_SWIFT_STANDARD_LIBRARIES = YES;
				CODE_SIGN_STYLE = Automatic;
				CURRENT_PROJECT_VERSION = 1;
				DEVELOPMENT_TEAM = UK87X7N6A9;
				GENERATE_INFOPLIST_FILE = YES;
				MARKETING_VERSION = 1.0;
				PRODUCT_BUNDLE_IDENTIFIER = com.github.jheisecke.ProductsAppTestTaskUITests;
				PRODUCT_NAME = "$(TARGET_NAME)";
				SWIFT_EMIT_LOC_STRINGS = NO;
				SWIFT_VERSION = 5.0;
				TARGETED_DEVICE_FAMILY = "1,2";
				TEST_TARGET_NAME = ProductsAppTestTask;
			};
			name = Debug;
		};
		0027F8D8297EAF22000DAD0D /* Release */ = {
			isa = XCBuildConfiguration;
			buildSettings = {
				ALWAYS_EMBED_SWIFT_STANDARD_LIBRARIES = YES;
				CODE_SIGN_STYLE = Automatic;
				CURRENT_PROJECT_VERSION = 1;
				DEVELOPMENT_TEAM = UK87X7N6A9;
				GENERATE_INFOPLIST_FILE = YES;
				MARKETING_VERSION = 1.0;
				PRODUCT_BUNDLE_IDENTIFIER = com.github.jheisecke.ProductsAppTestTaskUITests;
				PRODUCT_NAME = "$(TARGET_NAME)";
				SWIFT_EMIT_LOC_STRINGS = NO;
				SWIFT_VERSION = 5.0;
				TARGETED_DEVICE_FAMILY = "1,2";
				TEST_TARGET_NAME = ProductsAppTestTask;
			};
			name = Release;
		};
/* End XCBuildConfiguration section */

/* Begin XCConfigurationList section */
		0027F8A1297EAF1F000DAD0D /* Build configuration list for PBXProject "ProductsAppTestTask" */ = {
			isa = XCConfigurationList;
			buildConfigurations = (
				0027F8CE297EAF22000DAD0D /* Debug */,
				0027F8CF297EAF22000DAD0D /* Release */,
			);
			defaultConfigurationIsVisible = 0;
			defaultConfigurationName = Release;
		};
		0027F8D0297EAF22000DAD0D /* Build configuration list for PBXNativeTarget "ProductsAppTestTask" */ = {
			isa = XCConfigurationList;
			buildConfigurations = (
				0027F8D1297EAF22000DAD0D /* Debug */,
				0027F8D2297EAF22000DAD0D /* Release */,
			);
			defaultConfigurationIsVisible = 0;
			defaultConfigurationName = Release;
		};
		0027F8D3297EAF22000DAD0D /* Build configuration list for PBXNativeTarget "ProductsAppTestTaskTests" */ = {
			isa = XCConfigurationList;
			buildConfigurations = (
				0027F8D4297EAF22000DAD0D /* Debug */,
				0027F8D5297EAF22000DAD0D /* Release */,
			);
			defaultConfigurationIsVisible = 0;
			defaultConfigurationName = Release;
		};
		0027F8D6297EAF22000DAD0D /* Build configuration list for PBXNativeTarget "ProductsAppTestTaskUITests" */ = {
			isa = XCConfigurationList;
			buildConfigurations = (
				0027F8D7297EAF22000DAD0D /* Debug */,
				0027F8D8297EAF22000DAD0D /* Release */,
			);
			defaultConfigurationIsVisible = 0;
			defaultConfigurationName = Release;
		};
/* End XCConfigurationList section */

/* Begin XCRemoteSwiftPackageReference section */
		0027F8E7297EB817000DAD0D /* XCRemoteSwiftPackageReference "Alamofire" */ = {
			isa = XCRemoteSwiftPackageReference;
			repositoryURL = "https://github.com/Alamofire/Alamofire.git";
			requirement = {
				branch = master;
				kind = branch;
			};
		};
		005D55C8297F666700FD5B6D /* XCRemoteSwiftPackageReference "Bond" */ = {
			isa = XCRemoteSwiftPackageReference;
			repositoryURL = "https://github.com/DeclarativeHub/Bond";
			requirement = {
				kind = upToNextMajorVersion;
				minimumVersion = 7.0.0;
			};
		};
		0087E4E1297F314B00F516F9 /* XCRemoteSwiftPackageReference "SwinjectStoryboard" */ = {
			isa = XCRemoteSwiftPackageReference;
			repositoryURL = "https://github.com/Swinject/SwinjectStoryboard.git";
			requirement = {
				branch = master;
				kind = branch;
			};
		};
		29D7E841298036290004C50F /* XCRemoteSwiftPackageReference "Kingfisher" */ = {
			isa = XCRemoteSwiftPackageReference;
			repositoryURL = "https://github.com/onevcat/Kingfisher.git";
			requirement = {
				branch = master;
				kind = branch;
			};
		};
/* End XCRemoteSwiftPackageReference section */

/* Begin XCSwiftPackageProductDependency section */
		0027F8E8297EB817000DAD0D /* Alamofire */ = {
			isa = XCSwiftPackageProductDependency;
			package = 0027F8E7297EB817000DAD0D /* XCRemoteSwiftPackageReference "Alamofire" */;
			productName = Alamofire;
		};
		005D55C9297F666800FD5B6D /* Bond */ = {
			isa = XCSwiftPackageProductDependency;
			package = 005D55C8297F666700FD5B6D /* XCRemoteSwiftPackageReference "Bond" */;
			productName = Bond;
		};
		0087E4E2297F314B00F516F9 /* SwinjectStoryboard */ = {
			isa = XCSwiftPackageProductDependency;
			package = 0087E4E1297F314B00F516F9 /* XCRemoteSwiftPackageReference "SwinjectStoryboard" */;
			productName = SwinjectStoryboard;
		};
		29D7E842298036290004C50F /* Kingfisher */ = {
			isa = XCSwiftPackageProductDependency;
			package = 29D7E841298036290004C50F /* XCRemoteSwiftPackageReference "Kingfisher" */;
			productName = Kingfisher;
		};
/* End XCSwiftPackageProductDependency section */
	};
	rootObject = 0027F89E297EAF1F000DAD0D /* Project object */;
}
